// !$*UTF8*$!
{
	archiveVersion = 1;
	classes = {
	};
	objectVersion = 48;
	objects = {

/* Begin PBXBuildFile section */
		4984726F1FFFA8C80038AB9E /* AppDelegate.swift in Sources */ = {isa = PBXBuildFile; fileRef = 4984726E1FFFA8C80038AB9E /* AppDelegate.swift */; };
		498472711FFFA8C80038AB9E /* ViewController.swift in Sources */ = {isa = PBXBuildFile; fileRef = 498472701FFFA8C80038AB9E /* ViewController.swift */; };
		498472741FFFA8C80038AB9E /* Main.storyboard in Resources */ = {isa = PBXBuildFile; fileRef = 498472721FFFA8C80038AB9E /* Main.storyboard */; };
		498472761FFFA8C80038AB9E /* Assets.xcassets in Resources */ = {isa = PBXBuildFile; fileRef = 498472751FFFA8C80038AB9E /* Assets.xcassets */; };
		498472791FFFA8C80038AB9E /* LaunchScreen.storyboard in Resources */ = {isa = PBXBuildFile; fileRef = 498472771FFFA8C80038AB9E /* LaunchScreen.storyboard */; };
		49BC98A62000ED7D00EA98A4 /* MercedesViewController.swift in Sources */ = {isa = PBXBuildFile; fileRef = 49BC98A52000ED7D00EA98A4 /* MercedesViewController.swift */; };
		49D199E82008E824006D954A /* PoloViewController.swift in Sources */ = {isa = PBXBuildFile; fileRef = 49D199E72008E824006D954A /* PoloViewController.swift */; };
/* End PBXBuildFile section */

/* Begin PBXFileReference section */
		4984726B1FFFA8C80038AB9E /* StanceThisCar.app */ = {isa = PBXFileReference; explicitFileType = wrapper.application; includeInIndex = 0; path = StanceThisCar.app; sourceTree = BUILT_PRODUCTS_DIR; };
		4984726E1FFFA8C80038AB9E /* AppDelegate.swift */ = {isa = PBXFileReference; lastKnownFileType = sourcecode.swift; path = AppDelegate.swift; sourceTree = "<group>"; };
		498472701FFFA8C80038AB9E /* ViewController.swift */ = {isa = PBXFileReference; lastKnownFileType = sourcecode.swift; path = ViewController.swift; sourceTree = "<group>"; };
		498472731FFFA8C80038AB9E /* Base */ = {isa = PBXFileReference; lastKnownFileType = file.storyboard; name = Base; path = Base.lproj/Main.storyboard; sourceTree = "<group>"; };
		498472751FFFA8C80038AB9E /* Assets.xcassets */ = {isa = PBXFileReference; lastKnownFileType = folder.assetcatalog; path = Assets.xcassets; sourceTree = "<group>"; };
		498472781FFFA8C80038AB9E /* Base */ = {isa = PBXFileReference; lastKnownFileType = file.storyboard; name = Base; path = Base.lproj/LaunchScreen.storyboard; sourceTree = "<group>"; };
		4984727A1FFFA8C80038AB9E /* Info.plist */ = {isa = PBXFileReference; lastKnownFileType = text.plist.xml; path = Info.plist; sourceTree = "<group>"; };
		49BC98A52000ED7D00EA98A4 /* MercedesViewController.swift */ = {isa = PBXFileReference; lastKnownFileType = sourcecode.swift; path = MercedesViewController.swift; sourceTree = "<group>"; };
		49D199E72008E824006D954A /* PoloViewController.swift */ = {isa = PBXFileReference; lastKnownFileType = sourcecode.swift; path = PoloViewController.swift; sourceTree = "<group>"; };
/* End PBXFileReference section */

/* Begin PBXFrameworksBuildPhase section */
		498472681FFFA8C80038AB9E /* Frameworks */ = {
			isa = PBXFrameworksBuildPhase;
			buildActionMask = 2147483647;
			files = (
			);
			runOnlyForDeploymentPostprocessing = 0;
		};
/* End PBXFrameworksBuildPhase section */

/* Begin PBXGroup section */
		498472621FFFA8C80038AB9E = {
			isa = PBXGroup;
			children = (
				4984726D1FFFA8C80038AB9E /* StanceThisCar */,
				4984726C1FFFA8C80038AB9E /* Products */,
			);
			sourceTree = "<group>";
		};
		4984726C1FFFA8C80038AB9E /* Products */ = {
			isa = PBXGroup;
			children = (
				4984726B1FFFA8C80038AB9E /* StanceThisCar.app */,
			);
			name = Products;
			sourceTree = "<group>";
		};
		4984726D1FFFA8C80038AB9E /* StanceThisCar */ = {
			isa = PBXGroup;
			children = (
				4984726E1FFFA8C80038AB9E /* AppDelegate.swift */,
				498472701FFFA8C80038AB9E /* ViewController.swift */,
				49D199E72008E824006D954A /* PoloViewController.swift */,
				49BC98A52000ED7D00EA98A4 /* MercedesViewController.swift */,
				498472721FFFA8C80038AB9E /* Main.storyboard */,
				498472751FFFA8C80038AB9E /* Assets.xcassets */,
				498472771FFFA8C80038AB9E /* LaunchScreen.storyboard */,
				4984727A1FFFA8C80038AB9E /* Info.plist */,
			);
			path = StanceThisCar;
			sourceTree = "<group>";
		};
/* End PBXGroup section */

/* Begin PBXNativeTarget section */
		4984726A1FFFA8C80038AB9E /* StanceThisCar */ = {
			isa = PBXNativeTarget;
			buildConfigurationList = 4984727D1FFFA8C80038AB9E /* Build configuration list for PBXNativeTarget "StanceThisCar" */;
			buildPhases = (
				498472671FFFA8C80038AB9E /* Sources */,
				498472681FFFA8C80038AB9E /* Frameworks */,
				498472691FFFA8C80038AB9E /* Resources */,
			);
			buildRules = (
			);
			dependencies = (
			);
			name = StanceThisCar;
			productName = StanceThisCar;
			productReference = 4984726B1FFFA8C80038AB9E /* StanceThisCar.app */;
			productType = "com.apple.product-type.application";
		};
/* End PBXNativeTarget section */

/* Begin PBXProject section */
		498472631FFFA8C80038AB9E /* Project object */ = {
			isa = PBXProject;
			attributes = {
				LastSwiftUpdateCheck = 0900;
				LastUpgradeCheck = 0900;
				ORGANIZATIONNAME = "Andrew Konchak";
				TargetAttributes = {
					4984726A1FFFA8C80038AB9E = {
						CreatedOnToolsVersion = 9.0;
						ProvisioningStyle = Automatic;
					};
				};
			};
			buildConfigurationList = 498472661FFFA8C80038AB9E /* Build configuration list for PBXProject "StanceThisCar" */;
			compatibilityVersion = "Xcode 8.0";
			developmentRegion = en;
			hasScannedForEncodings = 0;
			knownRegions = (
				en,
				Base,
			);
			mainGroup = 498472621FFFA8C80038AB9E;
			productRefGroup = 4984726C1FFFA8C80038AB9E /* Products */;
			projectDirPath = "";
			projectRoot = "";
			targets = (
				4984726A1FFFA8C80038AB9E /* StanceThisCar */,
			);
		};
/* End PBXProject section */

/* Begin PBXResourcesBuildPhase section */
		498472691FFFA8C80038AB9E /* Resources */ = {
			isa = PBXResourcesBuildPhase;
			buildActionMask = 2147483647;
			files = (
				498472791FFFA8C80038AB9E /* LaunchScreen.storyboard in Resources */,
				498472761FFFA8C80038AB9E /* Assets.xcassets in Resources */,
				498472741FFFA8C80038AB9E /* Main.storyboard in Resources */,
			);
			runOnlyForDeploymentPostprocessing = 0;
		};
/* End PBXResourcesBuildPhase section */

/* Begin PBXSourcesBuildPhase section */
		498472671FFFA8C80038AB9E /* Sources */ = {
			isa = PBXSourcesBuildPhase;
			buildActionMask = 2147483647;
			files = (
				49D199E82008E824006D954A /* PoloViewController.swift in Sources */,
				498472711FFFA8C80038AB9E /* ViewController.swift in Sources */,
				4984726F1FFFA8C80038AB9E /* AppDelegate.swift in Sources */,
				49BC98A62000ED7D00EA98A4 /* MercedesViewController.swift in Sources */,
			);
			runOnlyForDeploymentPostprocessing = 0;
		};
/* End PBXSourcesBuildPhase section */

/* Begin PBXVariantGroup section */
		498472721FFFA8C80038AB9E /* Main.storyboard */ = {
			isa = PBXVariantGroup;
			children = (
				498472731FFFA8C80038AB9E /* Base */,
			);
			name = Main.storyboard;
			sourceTree = "<group>";
		};
		498472771FFFA8C80038AB9E /* LaunchScreen.storyboard */ = {
			isa = PBXVariantGroup;
			children = (
				498472781FFFA8C80038AB9E /* Base */,
			);
			name = LaunchScreen.storyboard;
			sourceTree = "<group>";
		};
/* End PBXVariantGroup section */

/* Begin XCBuildConfiguration section */
		4984727B1FFFA8C80038AB9E /* Debug */ = {
			isa = XCBuildConfiguration;
			buildSettings = {
				ALWAYS_SEARCH_USER_PATHS = NO;
				CLANG_ANALYZER_NONNULL = YES;
				CLANG_ANALYZER_NUMBER_OBJECT_CONVERSION = YES_AGGRESSIVE;
				CLANG_CXX_LANGUAGE_STANDARD = "gnu++14";
				CLANG_CXX_LIBRARY = "libc++";
				CLANG_ENABLE_MODULES = YES;
				CLANG_ENABLE_OBJC_ARC = YES;
				CLANG_WARN_BLOCK_CAPTURE_AUTORELEASING = YES;
				CLANG_WARN_BOOL_CONVERSION = YES;
				CLANG_WARN_COMMA = YES;
				CLANG_WARN_CONSTANT_CONVERSION = YES;
				CLANG_WARN_DIRECT_OBJC_ISA_USAGE = YES_ERROR;
				CLANG_WARN_DOCUMENTATION_COMMENTS = YES;
				CLANG_WARN_EMPTY_BODY = YES;
				CLANG_WARN_ENUM_CONVERSION = YES;
				CLANG_WARN_INFINITE_RECURSION = YES;
				CLANG_WARN_INT_CONVERSION = YES;
				CLANG_WARN_NON_LITERAL_NULL_CONVERSION = YES;
				CLANG_WARN_OBJC_LITERAL_CONVERSION = YES;
				CLANG_WARN_OBJC_ROOT_CLASS = YES_ERROR;
				CLANG_WARN_RANGE_LOOP_ANALYSIS = YES;
				CLANG_WARN_STRICT_PROTOTYPES = YES;
				CLANG_WARN_SUSPICIOUS_MOVE = YES;
				CLANG_WARN_UNGUARDED_AVAILABILITY = YES_AGGRESSIVE;
				CLANG_WARN_UNREACHABLE_CODE = YES;
				CLANG_WARN__DUPLICATE_METHOD_MATCH = YES;
				CODE_SIGN_IDENTITY = "iPhone Developer";
				COPY_PHASE_STRIP = NO;
				DEBUG_INFORMATION_FORMAT = dwarf;
				ENABLE_STRICT_OBJC_MSGSEND = YES;
				ENABLE_TESTABILITY = YES;
				GCC_C_LANGUAGE_STANDARD = gnu11;
				GCC_DYNAMIC_NO_PIC = NO;
				GCC_NO_COMMON_BLOCKS = YES;
				GCC_OPTIMIZATION_LEVEL = 0;
				GCC_PREPROCESSOR_DEFINITIONS = (
					"DEBUG=1",
					"$(inherited)",
				);
				GCC_WARN_64_TO_32_BIT_CONVERSION = YES;
				GCC_WARN_ABOUT_RETURN_TYPE = YES_ERROR;
				GCC_WARN_UNDECLARED_SELECTOR = YES;
				GCC_WARN_UNINITIALIZED_AUTOS = YES_AGGRESSIVE;
				GCC_WARN_UNUSED_FUNCTION = YES;
				GCC_WARN_UNUSED_VARIABLE = YES;
				IPHONEOS_DEPLOYMENT_TARGET = 11.0;
				MTL_ENABLE_DEBUG_INFO = YES;
				ONLY_ACTIVE_ARCH = YES;
				SDKROOT = iphoneos;
				SWIFT_ACTIVE_COMPILATION_CONDITIONS = DEBUG;
				SWIFT_OPTIMIZATION_LEVEL = "-Onone";
			};
			name = Debug;
		};
		4984727C1FFFA8C80038AB9E /* Release */ = {
			isa = XCBuildConfiguration;
			buildSettings = {
				ALWAYS_SEARCH_USER_PATHS = NO;
				CLANG_ANALYZER_NONNULL = YES;
				CLANG_ANALYZER_NUMBER_OBJECT_CONVERSION = YES_AGGRESSIVE;
				CLANG_CXX_LANGUAGE_STANDARD = "gnu++14";
				CLANG_CXX_LIBRARY = "libc++";
				CLANG_ENABLE_MODULES = YES;
				CLANG_ENABLE_OBJC_ARC = YES;
				CLANG_WARN_BLOCK_CAPTURE_AUTORELEASING = YES;
				CLANG_WARN_BOOL_CONVERSION = YES;
				CLANG_WARN_COMMA = YES;
				CLANG_WARN_CONSTANT_CONVERSION = YES;
				CLANG_WARN_DIRECT_OBJC_ISA_USAGE = YES_ERROR;
				CLANG_WARN_DOCUMENTATION_COMMENTS = YES;
				CLANG_WARN_EMPTY_BODY = YES;
				CLANG_WARN_ENUM_CONVERSION = YES;
				CLANG_WARN_INFINITE_RECURSION = YES;
				CLANG_WARN_INT_CONVERSION = YES;
				CLANG_WARN_NON_LITERAL_NULL_CONVERSION = YES;
				CLANG_WARN_OBJC_LITERAL_CONVERSION = YES;
				CLANG_WARN_OBJC_ROOT_CLASS = YES_ERROR;
				CLANG_WARN_RANGE_LOOP_ANALYSIS = YES;
				CLANG_WARN_STRICT_PROTOTYPES = YES;
				CLANG_WARN_SUSPICIOUS_MOVE = YES;
				CLANG_WARN_UNGUARDED_AVAILABILITY = YES_AGGRESSIVE;
				CLANG_WARN_UNREACHABLE_CODE = YES;
				CLANG_WARN__DUPLICATE_METHOD_MATCH = YES;
				CODE_SIGN_IDENTITY = "iPhone Developer";
				COPY_PHASE_STRIP = NO;
				DEBUG_INFORMATION_FORMAT = "dwarf-with-dsym";
				ENABLE_NS_ASSERTIONS = NO;
				ENABLE_STRICT_OBJC_MSGSEND = YES;
				GCC_C_LANGUAGE_STANDARD = gnu11;
				GCC_NO_COMMON_BLOCKS = YES;
				GCC_WARN_64_TO_32_BIT_CONVERSION = YES;
				GCC_WARN_ABOUT_RETURN_TYPE = YES_ERROR;
				GCC_WARN_UNDECLARED_SELECTOR = YES;
				GCC_WARN_UNINITIALIZED_AUTOS = YES_AGGRESSIVE;
				GCC_WARN_UNUSED_FUNCTION = YES;
				GCC_WARN_UNUSED_VARIABLE = YES;
				IPHONEOS_DEPLOYMENT_TARGET = 11.0;
				MTL_ENABLE_DEBUG_INFO = NO;
				SDKROOT = iphoneos;
				SWIFT_OPTIMIZATION_LEVEL = "-Owholemodule";
				VALIDATE_PRODUCT = YES;
			};
			name = Release;
		};
		4984727E1FFFA8C80038AB9E /* Debug */ = {
			isa = XCBuildConfiguration;
			buildSettings = {
				ASSETCATALOG_COMPILER_APPICON_NAME = AppIcon;
				CODE_SIGN_STYLE = Automatic;
				INFOPLIST_FILE = StanceThisCar/Info.plist;
				LD_RUNPATH_SEARCH_PATHS = "$(inherited) @executable_path/Frameworks";
				PRODUCT_BUNDLE_IDENTIFIER = stance.StanceThisCar;
				PRODUCT_NAME = "$(TARGET_NAME)";
				SWIFT_VERSION = 4.0;
				TARGETED_DEVICE_FAMILY = "1,2";
			};
			name = Debug;
		};
		4984727F1FFFA8C80038AB9E /* Release */ = {
			isa = XCBuildConfiguration;
			buildSettings = {
				ASSETCATALOG_COMPILER_APPICON_NAME = AppIcon;
				CODE_SIGN_STYLE = Automatic;
				INFOPLIST_FILE = StanceThisCar/Info.plist;
				LD_RUNPATH_SEARCH_PATHS = "$(inherited) @executable_path/Frameworks";
				PRODUCT_BUNDLE_IDENTIFIER = stance.StanceThisCar;
				PRODUCT_NAME = "$(TARGET_NAME)";
				SWIFT_VERSION = 4.0;
				TARGETED_DEVICE_FAMILY = "1,2";
			};
			name = Release;
		};
/* End XCBuildConfiguration section */

/* Begin XCConfigurationList section */
		498472661FFFA8C80038AB9E /* Build configuration list for PBXProject "StanceThisCar" */ = {
			isa = XCConfigurationList;
			buildConfigurations = (
				4984727B1FFFA8C80038AB9E /* Debug */,
				4984727C1FFFA8C80038AB9E /* Release */,
			);
			defaultConfigurationIsVisible = 0;
			defaultConfigurationName = Release;
		};
		4984727D1FFFA8C80038AB9E /* Build configuration list for PBXNativeTarget "StanceThisCar" */ = {
			isa = XCConfigurationList;
			buildConfigurations = (
				4984727E1FFFA8C80038AB9E /* Debug */,
				4984727F1FFFA8C80038AB9E /* Release */,
			);
			defaultConfigurationIsVisible = 0;
			defaultConfigurationName = Release;
		};
/* End XCConfigurationList section */
	};
	rootObject = 498472631FFFA8C80038AB9E /* Project object */;
}
